// !$*UTF8*$!
{
	archiveVersion = 1;
	classes = {
	};
	objectVersion = 50;
	objects = {

/* Begin PBXBuildFile section */
		B39741262457686D00512F54 /* AppDelegate.swift in Sources */ = {isa = PBXBuildFile; fileRef = B39741252457686D00512F54 /* AppDelegate.swift */; };
		B39741282457686D00512F54 /* SceneDelegate.swift in Sources */ = {isa = PBXBuildFile; fileRef = B39741272457686D00512F54 /* SceneDelegate.swift */; };
		B397412D2457686D00512F54 /* Main.storyboard in Resources */ = {isa = PBXBuildFile; fileRef = B397412B2457686D00512F54 /* Main.storyboard */; };
		B397412F2457686F00512F54 /* Assets.xcassets in Resources */ = {isa = PBXBuildFile; fileRef = B397412E2457686F00512F54 /* Assets.xcassets */; };
		B39741322457686F00512F54 /* LaunchScreen.storyboard in Resources */ = {isa = PBXBuildFile; fileRef = B39741302457686F00512F54 /* LaunchScreen.storyboard */; };
		B397414624576EDD00512F54 /* baseline_account_balance_black_48pt_1x.png in Resources */ = {isa = PBXBuildFile; fileRef = B397413B24576EDD00512F54 /* baseline_account_balance_black_48pt_1x.png */; };
		B397414724576EDD00512F54 /* baseline_account_balance_black_48pt_2x.png in Resources */ = {isa = PBXBuildFile; fileRef = B397413C24576EDD00512F54 /* baseline_account_balance_black_48pt_2x.png */; };
		B397414824576EDD00512F54 /* baseline_account_balance_black_48pt_3x.png in Resources */ = {isa = PBXBuildFile; fileRef = B397413D24576EDD00512F54 /* baseline_account_balance_black_48pt_3x.png */; };
		B397414924576EDD00512F54 /* baseline_chevron_right_black_48pt_1x.png in Resources */ = {isa = PBXBuildFile; fileRef = B397413F24576EDD00512F54 /* baseline_chevron_right_black_48pt_1x.png */; };
		B397414A24576EDD00512F54 /* baseline_chevron_right_black_48pt_3x.png in Resources */ = {isa = PBXBuildFile; fileRef = B397414024576EDD00512F54 /* baseline_chevron_right_black_48pt_3x.png */; };
		B397414B24576EDD00512F54 /* baseline_chevron_right_black_48pt_2x.png in Resources */ = {isa = PBXBuildFile; fileRef = B397414124576EDD00512F54 /* baseline_chevron_right_black_48pt_2x.png */; };
		B397414C24576EDD00512F54 /* baseline_credit_card_black_48pt_1x.png in Resources */ = {isa = PBXBuildFile; fileRef = B397414324576EDD00512F54 /* baseline_credit_card_black_48pt_1x.png */; };
		B397414D24576EDD00512F54 /* baseline_credit_card_black_48pt_3x.png in Resources */ = {isa = PBXBuildFile; fileRef = B397414424576EDD00512F54 /* baseline_credit_card_black_48pt_3x.png */; };
		B397414E24576EDD00512F54 /* baseline_credit_card_black_48pt_2x.png in Resources */ = {isa = PBXBuildFile; fileRef = B397414524576EDD00512F54 /* baseline_credit_card_black_48pt_2x.png */; };
		B3974150245770CC00512F54 /* Accounts.swift in Sources */ = {isa = PBXBuildFile; fileRef = B397414F245770CC00512F54 /* Accounts.swift */; };
		B39741582458A48F00512F54 /* UIButtonX.swift in Sources */ = {isa = PBXBuildFile; fileRef = B39741532458A48F00512F54 /* UIButtonX.swift */; };
		B39741592458A48F00512F54 /* UILabelX.swift in Sources */ = {isa = PBXBuildFile; fileRef = B39741542458A48F00512F54 /* UILabelX.swift */; };
		B397415A2458A48F00512F54 /* UIImageViewX.swift in Sources */ = {isa = PBXBuildFile; fileRef = B39741552458A48F00512F54 /* UIImageViewX.swift */; };
		B397415B2458A48F00512F54 /* UIViewX.swift in Sources */ = {isa = PBXBuildFile; fileRef = B39741562458A48F00512F54 /* UIViewX.swift */; };
/* End PBXBuildFile section */

/* Begin PBXFileReference section */
		B39741222457686D00512F54 /* VeryableDemo.app */ = {isa = PBXFileReference; explicitFileType = wrapper.application; includeInIndex = 0; path = VeryableDemo.app; sourceTree = BUILT_PRODUCTS_DIR; };
		B39741252457686D00512F54 /* AppDelegate.swift */ = {isa = PBXFileReference; lastKnownFileType = sourcecode.swift; path = AppDelegate.swift; sourceTree = "<group>"; };
		B39741272457686D00512F54 /* SceneDelegate.swift */ = {isa = PBXFileReference; lastKnownFileType = sourcecode.swift; path = SceneDelegate.swift; sourceTree = "<group>"; };
		B397412C2457686D00512F54 /* Base */ = {isa = PBXFileReference; lastKnownFileType = file.storyboard; name = Base; path = Base.lproj/Main.storyboard; sourceTree = "<group>"; };
		B397412E2457686F00512F54 /* Assets.xcassets */ = {isa = PBXFileReference; lastKnownFileType = folder.assetcatalog; path = Assets.xcassets; sourceTree = "<group>"; };
		B39741312457686F00512F54 /* Base */ = {isa = PBXFileReference; lastKnownFileType = file.storyboard; name = Base; path = Base.lproj/LaunchScreen.storyboard; sourceTree = "<group>"; };
		B39741332457686F00512F54 /* Info.plist */ = {isa = PBXFileReference; lastKnownFileType = text.plist.xml; path = Info.plist; sourceTree = "<group>"; };
		B397413B24576EDD00512F54 /* baseline_account_balance_black_48pt_1x.png */ = {isa = PBXFileReference; lastKnownFileType = image.png; path = baseline_account_balance_black_48pt_1x.png; sourceTree = "<group>"; };
		B397413C24576EDD00512F54 /* baseline_account_balance_black_48pt_2x.png */ = {isa = PBXFileReference; lastKnownFileType = image.png; path = baseline_account_balance_black_48pt_2x.png; sourceTree = "<group>"; };
		B397413D24576EDD00512F54 /* baseline_account_balance_black_48pt_3x.png */ = {isa = PBXFileReference; lastKnownFileType = image.png; path = baseline_account_balance_black_48pt_3x.png; sourceTree = "<group>"; };
		B397413F24576EDD00512F54 /* baseline_chevron_right_black_48pt_1x.png */ = {isa = PBXFileReference; lastKnownFileType = image.png; path = baseline_chevron_right_black_48pt_1x.png; sourceTree = "<group>"; };
		B397414024576EDD00512F54 /* baseline_chevron_right_black_48pt_3x.png */ = {isa = PBXFileReference; lastKnownFileType = image.png; path = baseline_chevron_right_black_48pt_3x.png; sourceTree = "<group>"; };
		B397414124576EDD00512F54 /* baseline_chevron_right_black_48pt_2x.png */ = {isa = PBXFileReference; lastKnownFileType = image.png; path = baseline_chevron_right_black_48pt_2x.png; sourceTree = "<group>"; };
		B397414324576EDD00512F54 /* baseline_credit_card_black_48pt_1x.png */ = {isa = PBXFileReference; lastKnownFileType = image.png; path = baseline_credit_card_black_48pt_1x.png; sourceTree = "<group>"; };
		B397414424576EDD00512F54 /* baseline_credit_card_black_48pt_3x.png */ = {isa = PBXFileReference; lastKnownFileType = image.png; path = baseline_credit_card_black_48pt_3x.png; sourceTree = "<group>"; };
		B397414524576EDD00512F54 /* baseline_credit_card_black_48pt_2x.png */ = {isa = PBXFileReference; lastKnownFileType = image.png; path = baseline_credit_card_black_48pt_2x.png; sourceTree = "<group>"; };
		B397414F245770CC00512F54 /* Accounts.swift */ = {isa = PBXFileReference; lastKnownFileType = sourcecode.swift; path = Accounts.swift; sourceTree = "<group>"; };
		B39741532458A48F00512F54 /* UIButtonX.swift */ = {isa = PBXFileReference; fileEncoding = 4; lastKnownFileType = sourcecode.swift; path = UIButtonX.swift; sourceTree = "<group>"; };
		B39741542458A48F00512F54 /* UILabelX.swift */ = {isa = PBXFileReference; fileEncoding = 4; lastKnownFileType = sourcecode.swift; path = UILabelX.swift; sourceTree = "<group>"; };
		B39741552458A48F00512F54 /* UIImageViewX.swift */ = {isa = PBXFileReference; fileEncoding = 4; lastKnownFileType = sourcecode.swift; path = UIImageViewX.swift; sourceTree = "<group>"; };
		B39741562458A48F00512F54 /* UIViewX.swift */ = {isa = PBXFileReference; fileEncoding = 4; lastKnownFileType = sourcecode.swift; path = UIViewX.swift; sourceTree = "<group>"; };
/* End PBXFileReference section */

/* Begin PBXFrameworksBuildPhase section */
		B397411F2457686D00512F54 /* Frameworks */ = {
			isa = PBXFrameworksBuildPhase;
			buildActionMask = 2147483647;
			files = (
			);
			runOnlyForDeploymentPostprocessing = 0;
		};
/* End PBXFrameworksBuildPhase section */

/* Begin PBXGroup section */
		B39741192457686D00512F54 = {
			isa = PBXGroup;
			children = (
				B39741242457686D00512F54 /* VeryableDemo */,
				B39741232457686D00512F54 /* Products */,
			);
			sourceTree = "<group>";
		};
		B39741232457686D00512F54 /* Products */ = {
			isa = PBXGroup;
			children = (
				B39741222457686D00512F54 /* VeryableDemo.app */,
			);
			name = Products;
			sourceTree = "<group>";
		};
		B39741242457686D00512F54 /* VeryableDemo */ = {
			isa = PBXGroup;
			children = (
				B39741252457686D00512F54 /* AppDelegate.swift */,
				B39741272457686D00512F54 /* SceneDelegate.swift */,
				B397412B2457686D00512F54 /* Main.storyboard */,
				B3974151245770DC00512F54 /* TableViewControllers */,
				B397412E2457686F00512F54 /* Assets.xcassets */,
				B397413924576ECA00512F54 /* Assets */,
				B39741522458A48F00512F54 /* Designables */,
				B39741302457686F00512F54 /* LaunchScreen.storyboard */,
				B39741332457686F00512F54 /* Info.plist */,
			);
			path = VeryableDemo;
			sourceTree = "<group>";
		};
		B397413924576ECA00512F54 /* Assets */ = {
			isa = PBXGroup;
			children = (
				B397413E24576EDD00512F54 /* arrow */,
				B397413A24576EDD00512F54 /* bank */,
				B397414224576EDD00512F54 /* card */,
			);
			path = Assets;
			sourceTree = "<group>";
		};
		B397413A24576EDD00512F54 /* bank */ = {
			isa = PBXGroup;
			children = (
				B397413B24576EDD00512F54 /* baseline_account_balance_black_48pt_1x.png */,
				B397413C24576EDD00512F54 /* baseline_account_balance_black_48pt_2x.png */,
				B397413D24576EDD00512F54 /* baseline_account_balance_black_48pt_3x.png */,
			);
			path = bank;
			sourceTree = "<group>";
		};
		B397413E24576EDD00512F54 /* arrow */ = {
			isa = PBXGroup;
			children = (
				B397413F24576EDD00512F54 /* baseline_chevron_right_black_48pt_1x.png */,
				B397414024576EDD00512F54 /* baseline_chevron_right_black_48pt_3x.png */,
				B397414124576EDD00512F54 /* baseline_chevron_right_black_48pt_2x.png */,
			);
			path = arrow;
			sourceTree = "<group>";
		};
		B397414224576EDD00512F54 /* card */ = {
			isa = PBXGroup;
			children = (
				B397414324576EDD00512F54 /* baseline_credit_card_black_48pt_1x.png */,
				B397414424576EDD00512F54 /* baseline_credit_card_black_48pt_3x.png */,
				B397414524576EDD00512F54 /* baseline_credit_card_black_48pt_2x.png */,
			);
			path = card;
			sourceTree = "<group>";
		};
		B3974151245770DC00512F54 /* TableViewControllers */ = {
			isa = PBXGroup;
			children = (
				B397414F245770CC00512F54 /* Accounts.swift */,
			);
			path = TableViewControllers;
			sourceTree = "<group>";
		};
		B39741522458A48F00512F54 /* Designables */ = {
			isa = PBXGroup;
			children = (
				B39741532458A48F00512F54 /* UIButtonX.swift */,
				B39741542458A48F00512F54 /* UILabelX.swift */,
				B39741552458A48F00512F54 /* UIImageViewX.swift */,
				B39741562458A48F00512F54 /* UIViewX.swift */,
			);
			path = Designables;
			sourceTree = "<group>";
		};
/* End PBXGroup section */

/* Begin PBXNativeTarget section */
		B39741212457686D00512F54 /* VeryableDemo */ = {
			isa = PBXNativeTarget;
			buildConfigurationList = B39741362457686F00512F54 /* Build configuration list for PBXNativeTarget "VeryableDemo" */;
			buildPhases = (
				B397411E2457686D00512F54 /* Sources */,
				B397411F2457686D00512F54 /* Frameworks */,
				B39741202457686D00512F54 /* Resources */,
			);
			buildRules = (
			);
			dependencies = (
			);
			name = VeryableDemo;
			productName = VeryableDemo;
			productReference = B39741222457686D00512F54 /* VeryableDemo.app */;
			productType = "com.apple.product-type.application";
		};
/* End PBXNativeTarget section */

/* Begin PBXProject section */
		B397411A2457686D00512F54 /* Project object */ = {
			isa = PBXProject;
			attributes = {
				LastSwiftUpdateCheck = 1140;
				LastUpgradeCheck = 1140;
				ORGANIZATIONNAME = "Turner Thornberry";
				TargetAttributes = {
					B39741212457686D00512F54 = {
						CreatedOnToolsVersion = 11.4.1;
					};
				};
			};
			buildConfigurationList = B397411D2457686D00512F54 /* Build configuration list for PBXProject "VeryableDemo" */;
			compatibilityVersion = "Xcode 9.3";
			developmentRegion = en;
			hasScannedForEncodings = 0;
			knownRegions = (
				en,
				Base,
			);
			mainGroup = B39741192457686D00512F54;
			productRefGroup = B39741232457686D00512F54 /* Products */;
			projectDirPath = "";
			projectRoot = "";
			targets = (
				B39741212457686D00512F54 /* VeryableDemo */,
			);
		};
/* End PBXProject section */

/* Begin PBXResourcesBuildPhase section */
		B39741202457686D00512F54 /* Resources */ = {
			isa = PBXResourcesBuildPhase;
			buildActionMask = 2147483647;
			files = (
				B397414624576EDD00512F54 /* baseline_account_balance_black_48pt_1x.png in Resources */,
				B39741322457686F00512F54 /* LaunchScreen.storyboard in Resources */,
				B397414824576EDD00512F54 /* baseline_account_balance_black_48pt_3x.png in Resources */,
				B397414E24576EDD00512F54 /* baseline_credit_card_black_48pt_2x.png in Resources */,
				B397412F2457686F00512F54 /* Assets.xcassets in Resources */,
				B397414C24576EDD00512F54 /* baseline_credit_card_black_48pt_1x.png in Resources */,
				B397414D24576EDD00512F54 /* baseline_credit_card_black_48pt_3x.png in Resources */,
				B397414A24576EDD00512F54 /* baseline_chevron_right_black_48pt_3x.png in Resources */,
				B397414B24576EDD00512F54 /* baseline_chevron_right_black_48pt_2x.png in Resources */,
				B397414924576EDD00512F54 /* baseline_chevron_right_black_48pt_1x.png in Resources */,
				B397412D2457686D00512F54 /* Main.storyboard in Resources */,
				B397414724576EDD00512F54 /* baseline_account_balance_black_48pt_2x.png in Resources */,
			);
			runOnlyForDeploymentPostprocessing = 0;
		};
/* End PBXResourcesBuildPhase section */

/* Begin PBXSourcesBuildPhase section */
		B397411E2457686D00512F54 /* Sources */ = {
			isa = PBXSourcesBuildPhase;
			buildActionMask = 2147483647;
			files = (
				B39741582458A48F00512F54 /* UIButtonX.swift in Sources */,
				B39741262457686D00512F54 /* AppDelegate.swift in Sources */,
				B39741592458A48F00512F54 /* UILabelX.swift in Sources */,
				B397415A2458A48F00512F54 /* UIImageViewX.swift in Sources */,
				B39741282457686D00512F54 /* SceneDelegate.swift in Sources */,
				B397415B2458A48F00512F54 /* UIViewX.swift in Sources */,
				B3974150245770CC00512F54 /* Accounts.swift in Sources */,
			);
			runOnlyForDeploymentPostprocessing = 0;
		};
/* End PBXSourcesBuildPhase section */

/* Begin PBXVariantGroup section */
		B397412B2457686D00512F54 /* Main.storyboard */ = {
			isa = PBXVariantGroup;
			children = (
				B397412C2457686D00512F54 /* Base */,
			);
			name = Main.storyboard;
			sourceTree = "<group>";
		};
		B39741302457686F00512F54 /* LaunchScreen.storyboard */ = {
			isa = PBXVariantGroup;
			children = (
				B39741312457686F00512F54 /* Base */,
			);
			name = LaunchScreen.storyboard;
			sourceTree = "<group>";
		};
/* End PBXVariantGroup section */

/* Begin XCBuildConfiguration section */
		B39741342457686F00512F54 /* Debug */ = {
			isa = XCBuildConfiguration;
			buildSettings = {
				ALWAYS_SEARCH_USER_PATHS = NO;
				CLANG_ANALYZER_NONNULL = YES;
				CLANG_ANALYZER_NUMBER_OBJECT_CONVERSION = YES_AGGRESSIVE;
				CLANG_CXX_LANGUAGE_STANDARD = "gnu++14";
				CLANG_CXX_LIBRARY = "libc++";
				CLANG_ENABLE_MODULES = YES;
				CLANG_ENABLE_OBJC_ARC = YES;
				CLANG_ENABLE_OBJC_WEAK = YES;
				CLANG_WARN_BLOCK_CAPTURE_AUTORELEASING = YES;
				CLANG_WARN_BOOL_CONVERSION = YES;
				CLANG_WARN_COMMA = YES;
				CLANG_WARN_CONSTANT_CONVERSION = YES;
				CLANG_WARN_DEPRECATED_OBJC_IMPLEMENTATIONS = YES;
				CLANG_WARN_DIRECT_OBJC_ISA_USAGE = YES_ERROR;
				CLANG_WARN_DOCUMENTATION_COMMENTS = YES;
				CLANG_WARN_EMPTY_BODY = YES;
				CLANG_WARN_ENUM_CONVERSION = YES;
				CLANG_WARN_INFINITE_RECURSION = YES;
				CLANG_WARN_INT_CONVERSION = YES;
				CLANG_WARN_NON_LITERAL_NULL_CONVERSION = YES;
				CLANG_WARN_OBJC_IMPLICIT_RETAIN_SELF = YES;
				CLANG_WARN_OBJC_LITERAL_CONVERSION = YES;
				CLANG_WARN_OBJC_ROOT_CLASS = YES_ERROR;
				CLANG_WARN_RANGE_LOOP_ANALYSIS = YES;
				CLANG_WARN_STRICT_PROTOTYPES = YES;
				CLANG_WARN_SUSPICIOUS_MOVE = YES;
				CLANG_WARN_UNGUARDED_AVAILABILITY = YES_AGGRESSIVE;
				CLANG_WARN_UNREACHABLE_CODE = YES;
				CLANG_WARN__DUPLICATE_METHOD_MATCH = YES;
				COPY_PHASE_STRIP = NO;
				DEBUG_INFORMATION_FORMAT = dwarf;
				ENABLE_STRICT_OBJC_MSGSEND = YES;
				ENABLE_TESTABILITY = YES;
				GCC_C_LANGUAGE_STANDARD = gnu11;
				GCC_DYNAMIC_NO_PIC = NO;
				GCC_NO_COMMON_BLOCKS = YES;
				GCC_OPTIMIZATION_LEVEL = 0;
				GCC_PREPROCESSOR_DEFINITIONS = (
					"DEBUG=1",
					"$(inherited)",
				);
				GCC_WARN_64_TO_32_BIT_CONVERSION = YES;
				GCC_WARN_ABOUT_RETURN_TYPE = YES_ERROR;
				GCC_WARN_UNDECLARED_SELECTOR = YES;
				GCC_WARN_UNINITIALIZED_AUTOS = YES_AGGRESSIVE;
				GCC_WARN_UNUSED_FUNCTION = YES;
				GCC_WARN_UNUSED_VARIABLE = YES;
				IPHONEOS_DEPLOYMENT_TARGET = 13.4;
				MTL_ENABLE_DEBUG_INFO = INCLUDE_SOURCE;
				MTL_FAST_MATH = YES;
				ONLY_ACTIVE_ARCH = YES;
				SDKROOT = iphoneos;
				SWIFT_ACTIVE_COMPILATION_CONDITIONS = DEBUG;
				SWIFT_OPTIMIZATION_LEVEL = "-Onone";
			};
			name = Debug;
		};
		B39741352457686F00512F54 /* Release */ = {
			isa = XCBuildConfiguration;
			buildSettings = {
				ALWAYS_SEARCH_USER_PATHS = NO;
				CLANG_ANALYZER_NONNULL = YES;
				CLANG_ANALYZER_NUMBER_OBJECT_CONVERSION = YES_AGGRESSIVE;
				CLANG_CXX_LANGUAGE_STANDARD = "gnu++14";
				CLANG_CXX_LIBRARY = "libc++";
				CLANG_ENABLE_MODULES = YES;
				CLANG_ENABLE_OBJC_ARC = YES;
				CLANG_ENABLE_OBJC_WEAK = YES;
				CLANG_WARN_BLOCK_CAPTURE_AUTORELEASING = YES;
				CLANG_WARN_BOOL_CONVERSION = YES;
				CLANG_WARN_COMMA = YES;
				CLANG_WARN_CONSTANT_CONVERSION = YES;
				CLANG_WARN_DEPRECATED_OBJC_IMPLEMENTATIONS = YES;
				CLANG_WARN_DIRECT_OBJC_ISA_USAGE = YES_ERROR;
				CLANG_WARN_DOCUMENTATION_COMMENTS = YES;
				CLANG_WARN_EMPTY_BODY = YES;
				CLANG_WARN_ENUM_CONVERSION = YES;
				CLANG_WARN_INFINITE_RECURSION = YES;
				CLANG_WARN_INT_CONVERSION = YES;
				CLANG_WARN_NON_LITERAL_NULL_CONVERSION = YES;
				CLANG_WARN_OBJC_IMPLICIT_RETAIN_SELF = YES;
				CLANG_WARN_OBJC_LITERAL_CONVERSION = YES;
				CLANG_WARN_OBJC_ROOT_CLASS = YES_ERROR;
				CLANG_WARN_RANGE_LOOP_ANALYSIS = YES;
				CLANG_WARN_STRICT_PROTOTYPES = YES;
				CLANG_WARN_SUSPICIOUS_MOVE = YES;
				CLANG_WARN_UNGUARDED_AVAILABILITY = YES_AGGRESSIVE;
				CLANG_WARN_UNREACHABLE_CODE = YES;
				CLANG_WARN__DUPLICATE_METHOD_MATCH = YES;
				COPY_PHASE_STRIP = NO;
				DEBUG_INFORMATION_FORMAT = "dwarf-with-dsym";
				ENABLE_NS_ASSERTIONS = NO;
				ENABLE_STRICT_OBJC_MSGSEND = YES;
				GCC_C_LANGUAGE_STANDARD = gnu11;
				GCC_NO_COMMON_BLOCKS = YES;
				GCC_WARN_64_TO_32_BIT_CONVERSION = YES;
				GCC_WARN_ABOUT_RETURN_TYPE = YES_ERROR;
				GCC_WARN_UNDECLARED_SELECTOR = YES;
				GCC_WARN_UNINITIALIZED_AUTOS = YES_AGGRESSIVE;
				GCC_WARN_UNUSED_FUNCTION = YES;
				GCC_WARN_UNUSED_VARIABLE = YES;
				IPHONEOS_DEPLOYMENT_TARGET = 13.4;
				MTL_ENABLE_DEBUG_INFO = NO;
				MTL_FAST_MATH = YES;
				SDKROOT = iphoneos;
				SWIFT_COMPILATION_MODE = wholemodule;
				SWIFT_OPTIMIZATION_LEVEL = "-O";
				VALIDATE_PRODUCT = YES;
			};
			name = Release;
		};
		B39741372457686F00512F54 /* Debug */ = {
			isa = XCBuildConfiguration;
			buildSettings = {
				ASSETCATALOG_COMPILER_APPICON_NAME = AppIcon;
				CODE_SIGN_STYLE = Automatic;
				DEVELOPMENT_TEAM = 37NWD4XUMT;
				INFOPLIST_FILE = VeryableDemo/Info.plist;
				LD_RUNPATH_SEARCH_PATHS = (
					"$(inherited)",
					"@executable_path/Frameworks",
				);
				PRODUCT_BUNDLE_IDENTIFIER = com.personal.VeryableDemo;
				PRODUCT_NAME = "$(TARGET_NAME)";
				SWIFT_VERSION = 5.0;
				TARGETED_DEVICE_FAMILY = "1,2";
			};
			name = Debug;
		};
		B39741382457686F00512F54 /* Release */ = {
			isa = XCBuildConfiguration;
			buildSettings = {
				ASSETCATALOG_COMPILER_APPICON_NAME = AppIcon;
				CODE_SIGN_STYLE = Automatic;
				DEVELOPMENT_TEAM = 37NWD4XUMT;
				INFOPLIST_FILE = VeryableDemo/Info.plist;
				LD_RUNPATH_SEARCH_PATHS = (
					"$(inherited)",
					"@executable_path/Frameworks",
				);
				PRODUCT_BUNDLE_IDENTIFIER = com.personal.VeryableDemo;
				PRODUCT_NAME = "$(TARGET_NAME)";
				SWIFT_VERSION = 5.0;
				TARGETED_DEVICE_FAMILY = "1,2";
			};
			name = Release;
		};
/* End XCBuildConfiguration section */

/* Begin XCConfigurationList section */
		B397411D2457686D00512F54 /* Build configuration list for PBXProject "VeryableDemo" */ = {
			isa = XCConfigurationList;
			buildConfigurations = (
				B39741342457686F00512F54 /* Debug */,
				B39741352457686F00512F54 /* Release */,
			);
			defaultConfigurationIsVisible = 0;
			defaultConfigurationName = Release;
		};
		B39741362457686F00512F54 /* Build configuration list for PBXNativeTarget "VeryableDemo" */ = {
			isa = XCConfigurationList;
			buildConfigurations = (
				B39741372457686F00512F54 /* Debug */,
				B39741382457686F00512F54 /* Release */,
			);
			defaultConfigurationIsVisible = 0;
			defaultConfigurationName = Release;
		};
/* End XCConfigurationList section */
	};
	rootObject = B397411A2457686D00512F54 /* Project object */;
}
